<?xml version="1.0" encoding="utf-8"?>
<Project ToolsVersion="15.0" xmlns="http://schemas.microsoft.com/developer/msbuild/2003">
  <ItemGroup>
    <Filter Include="Common">
      <UniqueIdentifier>9523f59a-5b26-4e32-a038-06115a51f92a</UniqueIdentifier>
    </Filter>
    <Filter Include="Assets">
      <UniqueIdentifier>de40c474-ad21-47e9-996b-edd0e476f2f6</UniqueIdentifier>
      <Extensions>bmp;fbx;gif;jpg;jpeg;tga;tiff;tif;png</Extensions>
    </Filter>
    <Filter Include="Lib">
      <UniqueIdentifier>{a663bb58-37be-4610-b991-fdf78927b41d}</UniqueIdentifier>
    </Filter>
    <Filter Include="Lib\mysql">
      <UniqueIdentifier>{7268d881-0cf5-44e7-b6d6-dd95a8a82269}</UniqueIdentifier>
    </Filter>
    <Filter Include="Lib\mysql\cppconn">
      <UniqueIdentifier>{212574e1-fa5f-4362-b8d0-6ba2e5e1f075}</UniqueIdentifier>
    </Filter>
    <Filter Include="Assets\recipes">
      <UniqueIdentifier>{9fc4c7c8-4123-4d66-85e5-6c239b1c1d39}</UniqueIdentifier>
    </Filter>
  </ItemGroup>
  <ItemGroup>
    <ApplicationDefinition Include="App.xaml" />
  </ItemGroup>
  <ItemGroup>
    <ClCompile Include="pch.cpp" />
  </ItemGroup>
  <ItemGroup>
    <ClInclude Include="pch.h" />
    <ClInclude Include="Lib\mysql\mysql_connection.h">
      <Filter>Lib\mysql</Filter>
    </ClInclude>
    <ClInclude Include="Lib\mysql\mysql_driver.h">
      <Filter>Lib\mysql</Filter>
    </ClInclude>
    <ClInclude Include="Lib\mysql\mysql_error.h">
      <Filter>Lib\mysql</Filter>
    </ClInclude>
    <ClInclude Include="Lib\mysql\cppconn\build_config.h">
      <Filter>Lib\mysql\cppconn</Filter>
    </ClInclude>
    <ClInclude Include="Lib\mysql\cppconn\callback.h">
      <Filter>Lib\mysql\cppconn</Filter>
    </ClInclude>
    <ClInclude Include="Lib\mysql\cppconn\config.h">
      <Filter>Lib\mysql\cppconn</Filter>
    </ClInclude>
    <ClInclude Include="Lib\mysql\cppconn\connection.h">
      <Filter>Lib\mysql\cppconn</Filter>
    </ClInclude>
    <ClInclude Include="Lib\mysql\cppconn\datatype.h">
      <Filter>Lib\mysql\cppconn</Filter>
    </ClInclude>
    <ClInclude Include="Lib\mysql\cppconn\driver.h">
      <Filter>Lib\mysql\cppconn</Filter>
    </ClInclude>
    <ClInclude Include="Lib\mysql\cppconn\exception.h">
      <Filter>Lib\mysql\cppconn</Filter>
    </ClInclude>
    <ClInclude Include="Lib\mysql\cppconn\metadata.h">
      <Filter>Lib\mysql\cppconn</Filter>
    </ClInclude>
    <ClInclude Include="Lib\mysql\cppconn\parameter_metadata.h">
      <Filter>Lib\mysql\cppconn</Filter>
    </ClInclude>
    <ClInclude Include="Lib\mysql\cppconn\prepared_statement.h">
      <Filter>Lib\mysql\cppconn</Filter>
    </ClInclude>
    <ClInclude Include="Lib\mysql\cppconn\resultset.h">
      <Filter>Lib\mysql\cppconn</Filter>
    </ClInclude>
    <ClInclude Include="Lib\mysql\cppconn\resultset_metadata.h">
      <Filter>Lib\mysql\cppconn</Filter>
    </ClInclude>
    <ClInclude Include="Lib\mysql\cppconn\sqlstring.h">
      <Filter>Lib\mysql\cppconn</Filter>
    </ClInclude>
    <ClInclude Include="Lib\mysql\cppconn\statement.h">
      <Filter>Lib\mysql\cppconn</Filter>
    </ClInclude>
    <ClInclude Include="Lib\mysql\cppconn\variant.h">
      <Filter>Lib\mysql\cppconn</Filter>
    </ClInclude>
    <ClInclude Include="Lib\mysql\cppconn\version_info.h">
      <Filter>Lib\mysql\cppconn</Filter>
    </ClInclude>
    <ClInclude Include="Lib\mysql\cppconn\warning.h">
      <Filter>Lib\mysql\cppconn</Filter>
    </ClInclude>
  </ItemGroup>
  <ItemGroup>
    <Image Include="Assets\LockScreenLogo.scale-200.png">
      <Filter>Assets</Filter>
    </Image>
    <Image Include="Assets\SplashScreen.scale-200.png">
      <Filter>Assets</Filter>
    </Image>
    <Image Include="Assets\Square150x150Logo.scale-200.png">
      <Filter>Assets</Filter>
    </Image>
    <Image Include="Assets\Square44x44Logo.scale-200.png">
      <Filter>Assets</Filter>
    </Image>
    <Image Include="Assets\Square44x44Logo.targetsize-24_altform-unplated.png">
      <Filter>Assets</Filter>
    </Image>
    <Image Include="Assets\StoreLogo.png">
      <Filter>Assets</Filter>
    </Image>
    <Image Include="Assets\Wide310x150Logo.scale-200.png">
      <Filter>Assets</Filter>
    </Image>
    <Image Include="Assets\WelcomeTipple.png">
      <Filter>Assets</Filter>
    </Image>
    <Image Include="Assets\mojito.png">
      <Filter>Assets</Filter>
    </Image>
    <Image Include="Assets\caipirinha.png">
      <Filter>Assets</Filter>
    </Image>
    <Image Include="Assets\blue_lagoon.png">
      <Filter>Assets</Filter>
    </Image>
    <Image Include="Assets\cosmopolitan.png">
      <Filter>Assets</Filter>
    </Image>
    <Image Include="Assets\mai_tai.png">
      <Filter>Assets</Filter>
    </Image>
    <Image Include="Assets\margarita.png">
      <Filter>Assets</Filter>
    </Image>
    <Image Include="Assets\martini.png">
      <Filter>Assets</Filter>
    </Image>
    <Image Include="Assets\negroni.png">
      <Filter>Assets</Filter>
    </Image>
    <Image Include="Assets\pina_colada.png">
      <Filter>Assets</Filter>
    </Image>
    <Image Include="Assets\sex_on_the_beach.png">
      <Filter>Assets</Filter>
    </Image>
    <Image Include="Assets\tom_collins.png">
      <Filter>Assets</Filter>
    </Image>
    <Image Include="Assets\wsour.png">
      <Filter>Assets</Filter>
    </Image>
    <Image Include="Assets\MainPageBackground.png">
      <Filter>Assets</Filter>
    </Image>
    <Image Include="Assets\champagnecocktail.png">
      <Filter>Assets</Filter>
    </Image>
    <Image Include="Assets\old_fashioned.png">
      <Filter>Assets</Filter>
    </Image>
    <Image Include="Assets\daiquiri.png">
      <Filter>Assets</Filter>
    </Image>
    <Image Include="Assets\bellini.png">
      <Filter>Assets</Filter>
    </Image>
    <Image Include="Assets\manhattan.png">
      <Filter>Assets</Filter>
    </Image>
    <Image Include="Assets\mint_julep.png">
      <Filter>Assets</Filter>
    </Image>
    <Image Include="Assets\sazerac.png">
      <Filter>Assets</Filter>
    </Image>
    <Image Include="Assets\singapore_sling.png">
      <Filter>Assets</Filter>
    </Image>
    <Image Include="Assets\tequila_sunrise.png">
      <Filter>Assets</Filter>
    </Image>
  </ItemGroup>
  <ItemGroup>
    <AppxManifest Include="Package.appxmanifest" />
  </ItemGroup>
  <ItemGroup>
    <Page Include="MainPage.xaml" />
    <Page Include="WelcomePage.xaml" />
    <Page Include="SelectionPage.xaml" />
  </ItemGroup>
  <ItemGroup>
    <None Include="Lib\recipe.json">
      <Filter>Lib</Filter>
    </None>
    <None Include="Assets\recipes\Champagne Cocktail.json">
      <Filter>Assets\recipes</Filter>
    </None>
    <None Include="Assets\recipes\Mojito.json">
      <Filter>Assets\recipes</Filter>
    </None>
    <None Include="Assets\recipes\Daiquiri.json">
      <Filter>Assets\recipes</Filter>
    </None>
    <None Include="Assets\recipes\Blue Lagoon.json">
      <Filter>Assets\recipes</Filter>
    </None>
    <None Include="Assets\recipes\Caipirinha.json">
      <Filter>Assets\recipes</Filter>
    </None>
    <None Include="Assets\recipes\Cosmopolitan.json">
      <Filter>Assets\recipes</Filter>
    </None>
    <None Include="Assets\recipes\Mai Tai.json">
      <Filter>Assets\recipes</Filter>
    </None>
    <None Include="Assets\recipes\Margarita.json">
      <Filter>Assets\recipes</Filter>
    </None>
    <None Include="Assets\recipes\Martini.json">
      <Filter>Assets\recipes</Filter>
    </None>
    <None Include="Assets\recipes\Negroni.json">
      <Filter>Assets\recipes</Filter>
    </None>
    <None Include="Assets\recipes\Piña Colada.json">
      <Filter>Assets\recipes</Filter>
    </None>
    <None Include="Assets\recipes\Sex on the beach.json">
      <Filter>Assets\recipes</Filter>
    </None>
    <None Include="Assets\recipes\Tom Collins.json">
      <Filter>Assets\recipes</Filter>
    </None>
    <None Include="Assets\recipes\Whisky Sour.json">
      <Filter>Assets\recipes</Filter>
    </None>
    <None Include="Assets\recipes\Bellini.json">
      <Filter>Assets\recipes</Filter>
    </None>
    <None Include="Assets\recipes\Manhattan.json">
      <Filter>Assets\recipes</Filter>
    </None>
    <None Include="Assets\recipes\Mint Julep.json">
      <Filter>Assets\recipes</Filter>
    </None>
    <None Include="Assets\recipes\Old Fashioned.json">
      <Filter>Assets\recipes</Filter>
    </None>
    <None Include="Assets\recipes\Sazerac.json">
      <Filter>Assets\recipes</Filter>
    </None>
    <None Include="Assets\recipes\Singapore Sling.json">
      <Filter>Assets\recipes</Filter>
    </None>
    <None Include="Assets\recipes\Tequila Sunrise.json">
      <Filter>Assets\recipes</Filter>
    </None>
  </ItemGroup>
</Project>